
Microsoft Visual Studio Solution File, Format Version 12.00
# Visual Studio 15
VisualStudioVersion = 15.0.27130.2010
MinimumVisualStudioVersion = 10.0.40219.1
Project("{9A19103F-16F7-4668-BE54-9A1E7A4F7556}") = "HtmlRapier.TagHelpers", "HtmlRapier.TagHelpers\HtmlRapier.TagHelpers.csproj", "{A5F35CB1-337F-4C86-A95E-D1176AB2E4B7}"
EndProject
Global
	GlobalSection(SolutionConfigurationPlatforms) = preSolution
		Debug|Any CPU = Debug|Any CPU
		Release|Any CPU = Release|Any CPU
	EndGlobalSection
	GlobalSection(ProjectConfigurationPlatforms) = postSolution
		{A5F35CB1-337F-4C86-A95E-D1176AB2E4B7}.Debug|Any CPU.ActiveCfg = Debug|Any CPU
		{A5F35CB1-337F-4C86-A95E-D1176AB2E4B7}.Debug|Any CPU.Build.0 = Debug|Any CPU
		{A5F35CB1-337F-4C86-A95E-D1176AB2E4B7}.Release|Any CPU.ActiveCfg = Release|Any CPU
		{A5F35CB1-337F-4C86-A95E-D1176AB2E4B7}.Release|Any CPU.Build.0 = Release|Any CPU
	EndGlobalSection
	GlobalSection(SolutionProperties) = preSolution
		HideSolutionNode = FALSE
	EndGlobalSection
	GlobalSection(ExtensibilityGlobals) = postSolution
		SolutionGuid = {381CD38D-239F-4B02-A4C3-09CC54841807}
	EndGlobalSection
EndGlobal
